
Microsoft Visual Studio Solution File, Format Version 12.00
# Visual Studio 15
VisualStudioVersion = 15.0.27130.2036
MinimumVisualStudioVersion = 10.0.40219.1
Project("{9A19103F-16F7-4668-BE54-9A1E7A4F7556}") = "NAVY.Lesson1", "NAVY.Lesson1\NAVY.Lesson1.csproj", "{D6AFEA71-3FB3-4C49-86E1-D189A3CFB4C7}"
EndProject
Project("{9A19103F-16F7-4668-BE54-9A1E7A4F7556}") = "NAVY.Lesson2", "NAVY.Lesson2\NAVY.Lesson2.csproj", "{01A26C18-02C4-4F76-8E56-0DAE1B4E2D4D}"
EndProject
Project("{9A19103F-16F7-4668-BE54-9A1E7A4F7556}") = "NAVY.Lesson3", "NAVY.Lesson3\NAVY.Lesson3.csproj", "{03CE33FD-FBEA-4D3F-8A62-5D8E033465C8}"
EndProject
Project("{9A19103F-16F7-4668-BE54-9A1E7A4F7556}") = "NAVY.Lesson4", "NAVY.Lesson4\NAVY.Lesson4.csproj", "{DFE04C25-90F3-4212-9135-3F87F1CDC0AF}"
EndProject
Project("{9A19103F-16F7-4668-BE54-9A1E7A4F7556}") = "NAVY.Lesson4.Tests", "NAVY.Lesson4.Tests\NAVY.Lesson4.Tests.csproj", "{03B385D1-42B3-4059-A82A-16A4450F5F94}"
EndProject
Project("{9A19103F-16F7-4668-BE54-9A1E7A4F7556}") = "NAVY.Lesson5", "NAVY.Lesson5\NAVY.Lesson5.csproj", "{E91AA0FB-F43D-40E1-ABB0-787A740E90E9}"
EndProject
Project("{FAE04EC0-301F-11D3-BF4B-00C04F79EFBC}") = "NAVY.Lesson6", "NAVY.Lesson6\NAVY.Lesson6.csproj", "{26778D2C-D1F2-48C2-98E8-1853764ABAA9}"
EndProject
Global
	GlobalSection(SolutionConfigurationPlatforms) = preSolution
		Debug|Any CPU = Debug|Any CPU
		Release|Any CPU = Release|Any CPU
	EndGlobalSection
	GlobalSection(ProjectConfigurationPlatforms) = postSolution
		{D6AFEA71-3FB3-4C49-86E1-D189A3CFB4C7}.Debug|Any CPU.ActiveCfg = Debug|Any CPU
		{D6AFEA71-3FB3-4C49-86E1-D189A3CFB4C7}.Debug|Any CPU.Build.0 = Debug|Any CPU
		{D6AFEA71-3FB3-4C49-86E1-D189A3CFB4C7}.Release|Any CPU.ActiveCfg = Release|Any CPU
		{D6AFEA71-3FB3-4C49-86E1-D189A3CFB4C7}.Release|Any CPU.Build.0 = Release|Any CPU
		{01A26C18-02C4-4F76-8E56-0DAE1B4E2D4D}.Debug|Any CPU.ActiveCfg = Debug|Any CPU
		{01A26C18-02C4-4F76-8E56-0DAE1B4E2D4D}.Debug|Any CPU.Build.0 = Debug|Any CPU
		{01A26C18-02C4-4F76-8E56-0DAE1B4E2D4D}.Release|Any CPU.ActiveCfg = Release|Any CPU
		{01A26C18-02C4-4F76-8E56-0DAE1B4E2D4D}.Release|Any CPU.Build.0 = Release|Any CPU
		{03CE33FD-FBEA-4D3F-8A62-5D8E033465C8}.Debug|Any CPU.ActiveCfg = Debug|Any CPU
		{03CE33FD-FBEA-4D3F-8A62-5D8E033465C8}.Debug|Any CPU.Build.0 = Debug|Any CPU
		{03CE33FD-FBEA-4D3F-8A62-5D8E033465C8}.Release|Any CPU.ActiveCfg = Release|Any CPU
		{03CE33FD-FBEA-4D3F-8A62-5D8E033465C8}.Release|Any CPU.Build.0 = Release|Any CPU
		{DFE04C25-90F3-4212-9135-3F87F1CDC0AF}.Debug|Any CPU.ActiveCfg = Debug|Any CPU
		{DFE04C25-90F3-4212-9135-3F87F1CDC0AF}.Debug|Any CPU.Build.0 = Debug|Any CPU
		{DFE04C25-90F3-4212-9135-3F87F1CDC0AF}.Release|Any CPU.ActiveCfg = Release|Any CPU
		{DFE04C25-90F3-4212-9135-3F87F1CDC0AF}.Release|Any CPU.Build.0 = Release|Any CPU
		{03B385D1-42B3-4059-A82A-16A4450F5F94}.Debug|Any CPU.ActiveCfg = Debug|Any CPU
		{03B385D1-42B3-4059-A82A-16A4450F5F94}.Debug|Any CPU.Build.0 = Debug|Any CPU
		{03B385D1-42B3-4059-A82A-16A4450F5F94}.Release|Any CPU.ActiveCfg = Release|Any CPU
		{03B385D1-42B3-4059-A82A-16A4450F5F94}.Release|Any CPU.Build.0 = Release|Any CPU
		{E91AA0FB-F43D-40E1-ABB0-787A740E90E9}.Debug|Any CPU.ActiveCfg = Debug|Any CPU
		{E91AA0FB-F43D-40E1-ABB0-787A740E90E9}.Debug|Any CPU.Build.0 = Debug|Any CPU
		{E91AA0FB-F43D-40E1-ABB0-787A740E90E9}.Release|Any CPU.ActiveCfg = Release|Any CPU
		{E91AA0FB-F43D-40E1-ABB0-787A740E90E9}.Release|Any CPU.Build.0 = Release|Any CPU
		{26778D2C-D1F2-48C2-98E8-1853764ABAA9}.Debug|Any CPU.ActiveCfg = Debug|Any CPU
		{26778D2C-D1F2-48C2-98E8-1853764ABAA9}.Debug|Any CPU.Build.0 = Debug|Any CPU
		{26778D2C-D1F2-48C2-98E8-1853764ABAA9}.Release|Any CPU.ActiveCfg = Release|Any CPU
		{26778D2C-D1F2-48C2-98E8-1853764ABAA9}.Release|Any CPU.Build.0 = Release|Any CPU
	EndGlobalSection
	GlobalSection(SolutionProperties) = preSolution
		HideSolutionNode = FALSE
	EndGlobalSection
	GlobalSection(ExtensibilityGlobals) = postSolution
		SolutionGuid = {C7FB0F53-082C-455B-A3A5-D098F238F118}
	EndGlobalSection
EndGlobal
